# THIS IS AN AUTOGENERATED FILE. DO NOT EDIT THIS FILE DIRECTLY.
# yarn lockfile v1


async@0.2.10:
  version "0.2.10"
  resolved "https://registry.yarnpkg.com/async/-/async-0.2.10.tgz#b6bbe0b0674b9d719708ca38de8c237cb526c3d1"
  integrity sha1-trvgsGdLnXGXCMo43owjfLUmw9E=

binary-search-tree@0.2.5:
  version "0.2.5"
  resolved "https://registry.yarnpkg.com/binary-search-tree/-/binary-search-tree-0.2.5.tgz#7dbb3b210fdca082450dad2334c304af39bdc784"
  integrity sha1-fbs7IQ/coIJFDa0jNMMErzm9x4Q=
  dependencies:
    underscore "~1.4.4"

fnv-plus@^1.3.1:
  version "1.3.1"
  resolved "https://registry.yarnpkg.com/fnv-plus/-/fnv-plus-1.3.1.tgz#c34cb4572565434acb08ba257e4044ce2b006d67"
  integrity sha512-Gz1EvfOneuFfk4yG458dJ3TLJ7gV19q3OM/vVvvHf7eT02Hm1DleB4edsia6ahbKgAYxO9gvyQ1ioWZR+a00Yw==

graceful-fs@^4.1.6:
  version "4.2.3"
  resolved "https://registry.yarnpkg.com/graceful-fs/-/graceful-fs-4.2.3.tgz#4a12ff1b60376ef09862c2093edd908328be8423"
  integrity sha512-a30VEBm4PEdx1dRB7MFK7BejejvCvBronbLjht+sHuGYj8PHs7M/5Z+rt5lw551vZ7yfTCj4Vuyy3mSJytDWRQ==

immediate@~3.0.5:
  version "3.0.6"
  resolved "https://registry.yarnpkg.com/immediate/-/immediate-3.0.6.tgz#9db1dbd0faf8de6fbe0f5dd5e56bb606280de69b"
  integrity sha1-nbHb0Pr43m++D13V5Wu2BigN5ps=

jsonfile@^4.0.0:
  version "4.0.0"
  resolved "https://registry.yarnpkg.com/jsonfile/-/jsonfile-4.0.0.tgz#8771aae0799b64076b76640fca058f9c10e33ecb"
  integrity sha1-h3Gq4HmbZAdrdmQPygWPnBDjPss=
  optionalDependencies:
    graceful-fs "^4.1.6"

lie@3.1.1:
  version "3.1.1"
  resolved "https://registry.yarnpkg.com/lie/-/lie-3.1.1.tgz#9a436b2cc7746ca59de7a41fa469b3efb76bd87e"
  integrity sha1-mkNrLMd0bKWd56QfpGmz77dr2H4=
  dependencies:
    immediate "~3.0.5"

localforage@^1.3.0:
  version "1.7.3"
  resolved "https://registry.yarnpkg.com/localforage/-/localforage-1.7.3.tgz#0082b3ca9734679e1bd534995bdd3b24cf10f204"
  integrity sha512-1TulyYfc4udS7ECSBT2vwJksWbkwwTX8BzeUIiq8Y07Riy7bDAAnxDaPU/tWyOVmQAcWJIEIFP9lPfBGqVoPgQ==
  dependencies:
    lie "3.1.1"

minimist@0.0.8, minimist@^1.2.2:
  version "1.2.6"
  resolved "https://registry.yarnpkg.com/minimist/-/minimist-1.2.6.tgz#8637a5b759ea0d6e98702cfb3a9283323c93af44"
  integrity sha512-Jsjnk4bw3YJqYzbdyBiNsPWHPfO++UGG749Cxs6peCu5Xg4nrena6OVxOYxrQTqww0Jmwt+Ref8rggumkTLz9Q==

mkdirp@~0.5.1:
  version "0.5.1"
  resolved "https://registry.yarnpkg.com/mkdirp/-/mkdirp-0.5.1.tgz#30057438eac6cf7f8c4767f38648d6697d75c903"
  integrity sha1-MAV0OOrGz3+MR2fzhkjWaX11yQM=
  dependencies:
    minimist "0.0.8"

nan@^2.14.0:
  version "2.14.0"
  resolved "https://registry.yarnpkg.com/nan/-/nan-2.14.0.tgz#7818f722027b2459a86f0295d434d1fc2336c52c"
  integrity sha512-INOFj37C7k3AfaNTtX8RhsTw7qRy7eLET14cROi9+5HAVbbHuIWUHEauBv5qT4Av2tWasiTY1Jw6puUNqRJXQg==

nedb@^1.8.0:
  version "1.8.0"
  resolved "https://registry.yarnpkg.com/nedb/-/nedb-1.8.0.tgz#0e3502cd82c004d5355a43c9e55577bd7bd91d88"
  integrity sha1-DjUCzYLABNU1WkPJ5VV3vXvZHYg=
  dependencies:
    async "0.2.10"
    binary-search-tree "0.2.5"
    localforage "^1.3.0"
    mkdirp "~0.5.1"
    underscore "~1.4.4"

nodejieba@^2.2.5, nodejieba@^2.3.3:
  version "2.3.3"
  resolved "https://registry.yarnpkg.com/nodejieba/-/nodejieba-2.3.3.tgz#743fc196875b875822e22a299353cac8e0d04777"
  integrity sha512-HHLydPGYQawaA2kQnrx/wSM/suvd4efe/7XrVwYhXL2b2SEqO8O7ks0On5Xhc/wQKUp1OTwxKy7BYOwkt3CMgw==
  dependencies:
    nan "^2.14.0"

underscore@~1.4.4:
  version "1.4.4"
  resolved "https://registry.yarnpkg.com/underscore/-/underscore-1.4.4.tgz#61a6a32010622afa07963bf325203cf12239d604"
  integrity sha1-YaajIBBiKvoHljvzJSA88SI51gQ=

zh-classify@^0.1.1:
  version "0.1.1"
  resolved "https://registry.yarnpkg.com/zh-classify/-/zh-classify-0.1.1.tgz#8e17d09e279f71348f8a2595291fcf340295ca54"
  integrity sha512-MGH97MUaxA9RS3nHYFdG54zWsK6yn/LoXdF1Af7eXQDRCVwRX6YKFM9aIajJfy4+lSSwiRMfFKgzpoXFt8IH7w==
  dependencies:
    jsonfile "^4.0.0"
    nodejieba "^2.2.5"
